
Microsoft Visual Studio Solution File, Format Version 12.00
# Visual Studio Version 17
VisualStudioVersion = 17.1.32414.318
MinimumVisualStudioVersion = 10.0.40219.1
Project("{FAE04EC0-301F-11D3-BF4B-00C04F79EFBC}") = "SAE-1", "SAE-1\SAE-1.csproj", "{7F1C733B-F6FC-453B-B594-873A135BA6B6}"
EndProject
Global
	GlobalSection(SolutionConfigurationPlatforms) = preSolution
		Debug|Any CPU = Debug|Any CPU
		Release|Any CPU = Release|Any CPU
	EndGlobalSection
	GlobalSection(ProjectConfigurationPlatforms) = postSolution
		{7F1C733B-F6FC-453B-B594-873A135BA6B6}.Debug|Any CPU.ActiveCfg = Debug|Any CPU
		{7F1C733B-F6FC-453B-B594-873A135BA6B6}.Debug|Any CPU.Build.0 = Debug|Any CPU
		{7F1C733B-F6FC-453B-B594-873A135BA6B6}.Release|Any CPU.ActiveCfg = Release|Any CPU
		{7F1C733B-F6FC-453B-B594-873A135BA6B6}.Release|Any CPU.Build.0 = Release|Any CPU
	EndGlobalSection
	GlobalSection(SolutionProperties) = preSolution
		HideSolutionNode = FALSE
	EndGlobalSection
	GlobalSection(ExtensibilityGlobals) = postSolution
		SolutionGuid = {4DE06414-747F-457A-8C8E-96E70610BA23}
	EndGlobalSection
EndGlobal
